
Microsoft Visual Studio Solution File, Format Version 12.00
# Visual Studio Version 17
VisualStudioVersion = 17.10.35027.167
MinimumVisualStudioVersion = 10.0.40219.1
Project("{FAE04EC0-301F-11D3-BF4B-00C04F79EFBC}") = "Abstract", "Abstract\Abstract.csproj", "{5EBDC8D0-97C3-4E93-B547-94A3196A5CBD}"
EndProject
Global
	GlobalSection(SolutionConfigurationPlatforms) = preSolution
		Debug|Any CPU = Debug|Any CPU
		Release|Any CPU = Release|Any CPU
	EndGlobalSection
	GlobalSection(ProjectConfigurationPlatforms) = postSolution
		{5EBDC8D0-97C3-4E93-B547-94A3196A5CBD}.Debug|Any CPU.ActiveCfg = Debug|Any CPU
		{5EBDC8D0-97C3-4E93-B547-94A3196A5CBD}.Debug|Any CPU.Build.0 = Debug|Any CPU
		{5EBDC8D0-97C3-4E93-B547-94A3196A5CBD}.Release|Any CPU.ActiveCfg = Release|Any CPU
		{5EBDC8D0-97C3-4E93-B547-94A3196A5CBD}.Release|Any CPU.Build.0 = Release|Any CPU
	EndGlobalSection
	GlobalSection(SolutionProperties) = preSolution
		HideSolutionNode = FALSE
	EndGlobalSection
	GlobalSection(ExtensibilityGlobals) = postSolution
		SolutionGuid = {94FD4BBA-84B1-4BAC-B6FB-67B423761AD8}
	EndGlobalSection
EndGlobal
